
Microsoft Visual Studio Solution File, Format Version 12.00
# Visual Studio Version 16
VisualStudioVersion = 16.0.29806.167
MinimumVisualStudioVersion = 10.0.40219.1
Project("{2150E333-8FDC-42A3-9474-1A3956D46DE8}") = "Examples", "Examples", "{39D7BBF4-3022-4EDC-819E-3A4073A9D5EC}"
EndProject
Project("{FAE04EC0-301F-11D3-BF4B-00C04F79EFBC}") = "DataMasker", "DataMasker\DataMasker.csproj", "{1911B064-0F6E-4902-8706-C688D11DEFC7}"
EndProject
Project("{FAE04EC0-301F-11D3-BF4B-00C04F79EFBC}") = "DataMasker.Runner", "DataMasker.Runner\DataMasker.Runner.csproj", "{00F1F248-2F43-4CBF-AAAD-2B25E671755F}"
EndProject
Project("{FAE04EC0-301F-11D3-BF4B-00C04F79EFBC}") = "DataMasker.Examples", "DataMasker.Examples\DataMasker.Examples.csproj", "{609DDA2B-6BC4-46EF-9338-02F0E5677B3A}"
EndProject
Global
	GlobalSection(SolutionConfigurationPlatforms) = preSolution
		Debug|Any CPU = Debug|Any CPU
		Release|Any CPU = Release|Any CPU
	EndGlobalSection
	GlobalSection(ProjectConfigurationPlatforms) = postSolution
		{1911B064-0F6E-4902-8706-C688D11DEFC7}.Debug|Any CPU.ActiveCfg = Debug|Any CPU
		{1911B064-0F6E-4902-8706-C688D11DEFC7}.Debug|Any CPU.Build.0 = Debug|Any CPU
		{1911B064-0F6E-4902-8706-C688D11DEFC7}.Release|Any CPU.ActiveCfg = Release|Any CPU
		{1911B064-0F6E-4902-8706-C688D11DEFC7}.Release|Any CPU.Build.0 = Release|Any CPU
		{00F1F248-2F43-4CBF-AAAD-2B25E671755F}.Debug|Any CPU.ActiveCfg = Debug|Any CPU
		{00F1F248-2F43-4CBF-AAAD-2B25E671755F}.Debug|Any CPU.Build.0 = Debug|Any CPU
		{00F1F248-2F43-4CBF-AAAD-2B25E671755F}.Release|Any CPU.ActiveCfg = Release|Any CPU
		{00F1F248-2F43-4CBF-AAAD-2B25E671755F}.Release|Any CPU.Build.0 = Release|Any CPU
		{609DDA2B-6BC4-46EF-9338-02F0E5677B3A}.Debug|Any CPU.ActiveCfg = Debug|Any CPU
		{609DDA2B-6BC4-46EF-9338-02F0E5677B3A}.Debug|Any CPU.Build.0 = Debug|Any CPU
		{609DDA2B-6BC4-46EF-9338-02F0E5677B3A}.Release|Any CPU.ActiveCfg = Release|Any CPU
		{609DDA2B-6BC4-46EF-9338-02F0E5677B3A}.Release|Any CPU.Build.0 = Release|Any CPU
	EndGlobalSection
	GlobalSection(SolutionProperties) = preSolution
		HideSolutionNode = FALSE
	EndGlobalSection
	GlobalSection(NestedProjects) = preSolution
		{609DDA2B-6BC4-46EF-9338-02F0E5677B3A} = {39D7BBF4-3022-4EDC-819E-3A4073A9D5EC}
	EndGlobalSection
	GlobalSection(ExtensibilityGlobals) = postSolution
		SolutionGuid = {C76C7252-24AE-42E7-9CF4-A3B38A061EF1}
	EndGlobalSection
EndGlobal
